// !$*UTF8*$!
{
	archiveVersion = 1;
	classes = {
	};
	objectVersion = 51;
	objects = {

/* Begin PBXBuildFile section */
		02261EA8D13DDC126FB477B7 /* Pods_Magix_MagixUITests.framework in Frameworks */ = {isa = PBXBuildFile; fileRef = D70E3D98583FD41AAC3A1605 /* Pods_Magix_MagixUITests.framework */; };
		7DD16E6972EA80AD42FB8AB9 /* Pods_Magix.framework in Frameworks */ = {isa = PBXBuildFile; fileRef = 20AE13489163E64F2FA1F036 /* Pods_Magix.framework */; };
		8C05AF0526289D56008963C2 /* AppDelegate.swift in Sources */ = {isa = PBXBuildFile; fileRef = 8C05AF0426289D56008963C2 /* AppDelegate.swift */; };
		8C05AF0726289D56008963C2 /* SceneDelegate.swift in Sources */ = {isa = PBXBuildFile; fileRef = 8C05AF0626289D56008963C2 /* SceneDelegate.swift */; };
		8C05AF0926289D56008963C2 /* ViewController.swift in Sources */ = {isa = PBXBuildFile; fileRef = 8C05AF0826289D56008963C2 /* ViewController.swift */; };
		8C05AF0C26289D57008963C2 /* Main.storyboard in Resources */ = {isa = PBXBuildFile; fileRef = 8C05AF0A26289D57008963C2 /* Main.storyboard */; };
		8C05AF0E26289D59008963C2 /* Assets.xcassets in Resources */ = {isa = PBXBuildFile; fileRef = 8C05AF0D26289D59008963C2 /* Assets.xcassets */; };
		8C05AF1126289D59008963C2 /* LaunchScreen.storyboard in Resources */ = {isa = PBXBuildFile; fileRef = 8C05AF0F26289D59008963C2 /* LaunchScreen.storyboard */; };
		8C05AF1C26289D59008963C2 /* MagixTests.swift in Sources */ = {isa = PBXBuildFile; fileRef = 8C05AF1B26289D59008963C2 /* MagixTests.swift */; };
		8C05AF2726289D59008963C2 /* MagixUITests.swift in Sources */ = {isa = PBXBuildFile; fileRef = 8C05AF2626289D59008963C2 /* MagixUITests.swift */; };
		8C05AF412628AC66008963C2 /* BebasNeue.otf in Resources */ = {isa = PBXBuildFile; fileRef = 8C05AF402628AC66008963C2 /* BebasNeue.otf */; };
		8C78FB6E2629971200AA5843 /* EmailLoginController.swift in Sources */ = {isa = PBXBuildFile; fileRef = 8C78FB6D2629971200AA5843 /* EmailLoginController.swift */; };
		8CC92680262A1370001B454A /* PhoneLoginController.swift in Sources */ = {isa = PBXBuildFile; fileRef = 8CC9267F262A1370001B454A /* PhoneLoginController.swift */; };
		8CC92688262A9F85001B454A /* GoogleService-Info.plist in Resources */ = {isa = PBXBuildFile; fileRef = 8CC92687262A9F85001B454A /* GoogleService-Info.plist */; };
		8CC92690262AEF27001B454A /* LaunchView.swift in Sources */ = {isa = PBXBuildFile; fileRef = 8CC9268F262AEF27001B454A /* LaunchView.swift */; };
		C018481351A080B4DB814B8E /* Pods_MagixTests.framework in Frameworks */ = {isa = PBXBuildFile; fileRef = 18058F9C00E89C8D4175874A /* Pods_MagixTests.framework */; };
/* End PBXBuildFile section */

/* Begin PBXContainerItemProxy section */
		8C05AF1826289D59008963C2 /* PBXContainerItemProxy */ = {
			isa = PBXContainerItemProxy;
			containerPortal = 8C05AEF926289D56008963C2 /* Project object */;
			proxyType = 1;
			remoteGlobalIDString = 8C05AF0026289D56008963C2;
			remoteInfo = Magix;
		};
		8C05AF2326289D59008963C2 /* PBXContainerItemProxy */ = {
			isa = PBXContainerItemProxy;
			containerPortal = 8C05AEF926289D56008963C2 /* Project object */;
			proxyType = 1;
			remoteGlobalIDString = 8C05AF0026289D56008963C2;
			remoteInfo = Magix;
		};
/* End PBXContainerItemProxy section */

/* Begin PBXFileReference section */
		17465BC87B883E050A4A80DF /* Pods-Magix-MagixUITests.debug.xcconfig */ = {isa = PBXFileReference; includeInIndex = 1; lastKnownFileType = text.xcconfig; name = "Pods-Magix-MagixUITests.debug.xcconfig"; path = "Target Support Files/Pods-Magix-MagixUITests/Pods-Magix-MagixUITests.debug.xcconfig"; sourceTree = "<group>"; };
		18058F9C00E89C8D4175874A /* Pods_MagixTests.framework */ = {isa = PBXFileReference; explicitFileType = wrapper.framework; includeInIndex = 0; path = Pods_MagixTests.framework; sourceTree = BUILT_PRODUCTS_DIR; };
		1E684975AAF28F88D2E96244 /* Pods-MagixTests.release.xcconfig */ = {isa = PBXFileReference; includeInIndex = 1; lastKnownFileType = text.xcconfig; name = "Pods-MagixTests.release.xcconfig"; path = "Target Support Files/Pods-MagixTests/Pods-MagixTests.release.xcconfig"; sourceTree = "<group>"; };
		20AE13489163E64F2FA1F036 /* Pods_Magix.framework */ = {isa = PBXFileReference; explicitFileType = wrapper.framework; includeInIndex = 0; path = Pods_Magix.framework; sourceTree = BUILT_PRODUCTS_DIR; };
		30A8060BEB27EE0A77FEE1FE /* Pods-Magix-MagixUITests.release.xcconfig */ = {isa = PBXFileReference; includeInIndex = 1; lastKnownFileType = text.xcconfig; name = "Pods-Magix-MagixUITests.release.xcconfig"; path = "Target Support Files/Pods-Magix-MagixUITests/Pods-Magix-MagixUITests.release.xcconfig"; sourceTree = "<group>"; };
		31FEA0C1E0B586E3846A4409 /* Pods-Magix.release.xcconfig */ = {isa = PBXFileReference; includeInIndex = 1; lastKnownFileType = text.xcconfig; name = "Pods-Magix.release.xcconfig"; path = "Target Support Files/Pods-Magix/Pods-Magix.release.xcconfig"; sourceTree = "<group>"; };
		5EA87975C0439D6B003D5415 /* Pods-Magix.debug.xcconfig */ = {isa = PBXFileReference; includeInIndex = 1; lastKnownFileType = text.xcconfig; name = "Pods-Magix.debug.xcconfig"; path = "Target Support Files/Pods-Magix/Pods-Magix.debug.xcconfig"; sourceTree = "<group>"; };
		8C05AF0126289D56008963C2 /* Magix.app */ = {isa = PBXFileReference; explicitFileType = wrapper.application; includeInIndex = 0; path = Magix.app; sourceTree = BUILT_PRODUCTS_DIR; };
		8C05AF0426289D56008963C2 /* AppDelegate.swift */ = {isa = PBXFileReference; lastKnownFileType = sourcecode.swift; path = AppDelegate.swift; sourceTree = "<group>"; };
		8C05AF0626289D56008963C2 /* SceneDelegate.swift */ = {isa = PBXFileReference; lastKnownFileType = sourcecode.swift; path = SceneDelegate.swift; sourceTree = "<group>"; };
		8C05AF0826289D56008963C2 /* ViewController.swift */ = {isa = PBXFileReference; lastKnownFileType = sourcecode.swift; path = ViewController.swift; sourceTree = "<group>"; };
		8C05AF0B26289D57008963C2 /* Base */ = {isa = PBXFileReference; lastKnownFileType = file.storyboard; name = Base; path = Base.lproj/Main.storyboard; sourceTree = "<group>"; };
		8C05AF0D26289D59008963C2 /* Assets.xcassets */ = {isa = PBXFileReference; lastKnownFileType = folder.assetcatalog; path = Assets.xcassets; sourceTree = "<group>"; };
		8C05AF1026289D59008963C2 /* Base */ = {isa = PBXFileReference; lastKnownFileType = file.storyboard; name = Base; path = Base.lproj/LaunchScreen.storyboard; sourceTree = "<group>"; };
		8C05AF1226289D59008963C2 /* Info.plist */ = {isa = PBXFileReference; lastKnownFileType = text.plist.xml; path = Info.plist; sourceTree = "<group>"; };
		8C05AF1726289D59008963C2 /* MagixTests.xctest */ = {isa = PBXFileReference; explicitFileType = wrapper.cfbundle; includeInIndex = 0; path = MagixTests.xctest; sourceTree = BUILT_PRODUCTS_DIR; };
		8C05AF1B26289D59008963C2 /* MagixTests.swift */ = {isa = PBXFileReference; lastKnownFileType = sourcecode.swift; path = MagixTests.swift; sourceTree = "<group>"; };
		8C05AF1D26289D59008963C2 /* Info.plist */ = {isa = PBXFileReference; lastKnownFileType = text.plist.xml; path = Info.plist; sourceTree = "<group>"; };
		8C05AF2226289D59008963C2 /* MagixUITests.xctest */ = {isa = PBXFileReference; explicitFileType = wrapper.cfbundle; includeInIndex = 0; path = MagixUITests.xctest; sourceTree = BUILT_PRODUCTS_DIR; };
		8C05AF2626289D59008963C2 /* MagixUITests.swift */ = {isa = PBXFileReference; lastKnownFileType = sourcecode.swift; path = MagixUITests.swift; sourceTree = "<group>"; };
		8C05AF2826289D59008963C2 /* Info.plist */ = {isa = PBXFileReference; lastKnownFileType = text.plist.xml; path = Info.plist; sourceTree = "<group>"; };
		8C05AF402628AC66008963C2 /* BebasNeue.otf */ = {isa = PBXFileReference; lastKnownFileType = file; path = BebasNeue.otf; sourceTree = "<group>"; };
		8C78FB66262944D300AA5843 /* Magix.entitlements */ = {isa = PBXFileReference; lastKnownFileType = text.plist.entitlements; path = Magix.entitlements; sourceTree = "<group>"; };
		8C78FB6D2629971200AA5843 /* EmailLoginController.swift */ = {isa = PBXFileReference; lastKnownFileType = sourcecode.swift; path = EmailLoginController.swift; sourceTree = "<group>"; };
		8CC9267F262A1370001B454A /* PhoneLoginController.swift */ = {isa = PBXFileReference; lastKnownFileType = sourcecode.swift; path = PhoneLoginController.swift; sourceTree = "<group>"; };
		8CC92687262A9F85001B454A /* GoogleService-Info.plist */ = {isa = PBXFileReference; fileEncoding = 4; lastKnownFileType = text.plist.xml; path = "GoogleService-Info.plist"; sourceTree = "<group>"; };
		8CC9268F262AEF27001B454A /* LaunchView.swift */ = {isa = PBXFileReference; lastKnownFileType = sourcecode.swift; path = LaunchView.swift; sourceTree = "<group>"; };
		AB2210869A3F079FB6049169 /* Pods-MagixTests.debug.xcconfig */ = {isa = PBXFileReference; includeInIndex = 1; lastKnownFileType = text.xcconfig; name = "Pods-MagixTests.debug.xcconfig"; path = "Target Support Files/Pods-MagixTests/Pods-MagixTests.debug.xcconfig"; sourceTree = "<group>"; };
		D70E3D98583FD41AAC3A1605 /* Pods_Magix_MagixUITests.framework */ = {isa = PBXFileReference; explicitFileType = wrapper.framework; includeInIndex = 0; path = Pods_Magix_MagixUITests.framework; sourceTree = BUILT_PRODUCTS_DIR; };
/* End PBXFileReference section */

/* Begin PBXFrameworksBuildPhase section */
		8C05AEFE26289D56008963C2 /* Frameworks */ = {
			isa = PBXFrameworksBuildPhase;
			buildActionMask = 2147483647;
			files = (
				7DD16E6972EA80AD42FB8AB9 /* Pods_Magix.framework in Frameworks */,
			);
			runOnlyForDeploymentPostprocessing = 0;
		};
		8C05AF1426289D59008963C2 /* Frameworks */ = {
			isa = PBXFrameworksBuildPhase;
			buildActionMask = 2147483647;
			files = (
				C018481351A080B4DB814B8E /* Pods_MagixTests.framework in Frameworks */,
			);
			runOnlyForDeploymentPostprocessing = 0;
		};
		8C05AF1F26289D59008963C2 /* Frameworks */ = {
			isa = PBXFrameworksBuildPhase;
			buildActionMask = 2147483647;
			files = (
				02261EA8D13DDC126FB477B7 /* Pods_Magix_MagixUITests.framework in Frameworks */,
			);
			runOnlyForDeploymentPostprocessing = 0;
		};
/* End PBXFrameworksBuildPhase section */

/* Begin PBXGroup section */
		8C05AEF826289D56008963C2 = {
			isa = PBXGroup;
			children = (
				8C05AF0326289D56008963C2 /* Magix */,
				8C05AF1A26289D59008963C2 /* MagixTests */,
				8C05AF2526289D59008963C2 /* MagixUITests */,
				8C05AF0226289D56008963C2 /* Products */,
				B1A7276711BE8F3591699122 /* Pods */,
				9582E7DE73D497579EE3F98A /* Frameworks */,
			);
			sourceTree = "<group>";
		};
		8C05AF0226289D56008963C2 /* Products */ = {
			isa = PBXGroup;
			children = (
				8C05AF0126289D56008963C2 /* Magix.app */,
				8C05AF1726289D59008963C2 /* MagixTests.xctest */,
				8C05AF2226289D59008963C2 /* MagixUITests.xctest */,
			);
			name = Products;
			sourceTree = "<group>";
		};
		8C05AF0326289D56008963C2 /* Magix */ = {
			isa = PBXGroup;
			children = (
				8CC92687262A9F85001B454A /* GoogleService-Info.plist */,
				8C78FB66262944D300AA5843 /* Magix.entitlements */,
				8C05AF0426289D56008963C2 /* AppDelegate.swift */,
				8C05AF0626289D56008963C2 /* SceneDelegate.swift */,
				8C05AF0826289D56008963C2 /* ViewController.swift */,
				8C05AF0A26289D57008963C2 /* Main.storyboard */,
				8C05AF0D26289D59008963C2 /* Assets.xcassets */,
				8C05AF0F26289D59008963C2 /* LaunchScreen.storyboard */,
				8C05AF1226289D59008963C2 /* Info.plist */,
				8C05AF402628AC66008963C2 /* BebasNeue.otf */,
				8C78FB6D2629971200AA5843 /* EmailLoginController.swift */,
				8CC9267F262A1370001B454A /* PhoneLoginController.swift */,
				8CC9268F262AEF27001B454A /* LaunchView.swift */,
			);
			path = Magix;
			sourceTree = "<group>";
		};
		8C05AF1A26289D59008963C2 /* MagixTests */ = {
			isa = PBXGroup;
			children = (
				8C05AF1B26289D59008963C2 /* MagixTests.swift */,
				8C05AF1D26289D59008963C2 /* Info.plist */,
			);
			path = MagixTests;
			sourceTree = "<group>";
		};
		8C05AF2526289D59008963C2 /* MagixUITests */ = {
			isa = PBXGroup;
			children = (
				8C05AF2626289D59008963C2 /* MagixUITests.swift */,
				8C05AF2826289D59008963C2 /* Info.plist */,
			);
			path = MagixUITests;
			sourceTree = "<group>";
		};
		9582E7DE73D497579EE3F98A /* Frameworks */ = {
			isa = PBXGroup;
			children = (
				20AE13489163E64F2FA1F036 /* Pods_Magix.framework */,
				D70E3D98583FD41AAC3A1605 /* Pods_Magix_MagixUITests.framework */,
				18058F9C00E89C8D4175874A /* Pods_MagixTests.framework */,
			);
			name = Frameworks;
			sourceTree = "<group>";
		};
		B1A7276711BE8F3591699122 /* Pods */ = {
			isa = PBXGroup;
			children = (
				5EA87975C0439D6B003D5415 /* Pods-Magix.debug.xcconfig */,
				31FEA0C1E0B586E3846A4409 /* Pods-Magix.release.xcconfig */,
				17465BC87B883E050A4A80DF /* Pods-Magix-MagixUITests.debug.xcconfig */,
				30A8060BEB27EE0A77FEE1FE /* Pods-Magix-MagixUITests.release.xcconfig */,
				AB2210869A3F079FB6049169 /* Pods-MagixTests.debug.xcconfig */,
				1E684975AAF28F88D2E96244 /* Pods-MagixTests.release.xcconfig */,
			);
			path = Pods;
			sourceTree = "<group>";
		};
/* End PBXGroup section */

/* Begin PBXNativeTarget section */
		8C05AF0026289D56008963C2 /* Magix */ = {
			isa = PBXNativeTarget;
			buildConfigurationList = 8C05AF2B26289D59008963C2 /* Build configuration list for PBXNativeTarget "Magix" */;
			buildPhases = (
				358A99209D713979B7E100FE /* [CP] Check Pods Manifest.lock */,
				8C05AEFD26289D56008963C2 /* Sources */,
				8C05AEFE26289D56008963C2 /* Frameworks */,
				8C05AEFF26289D56008963C2 /* Resources */,
				2B2DB8AFE69424275FEBE802 /* [CP] Embed Pods Frameworks */,
				006C4CF158A267C7BB2F221F /* [CP] Copy Pods Resources */,
			);
			buildRules = (
			);
			dependencies = (
			);
			name = Magix;
			productName = Magix;
			productReference = 8C05AF0126289D56008963C2 /* Magix.app */;
			productType = "com.apple.product-type.application";
		};
		8C05AF1626289D59008963C2 /* MagixTests */ = {
			isa = PBXNativeTarget;
			buildConfigurationList = 8C05AF2E26289D59008963C2 /* Build configuration list for PBXNativeTarget "MagixTests" */;
			buildPhases = (
				F2495278251BDE074A0BC6C1 /* [CP] Check Pods Manifest.lock */,
				8C05AF1326289D59008963C2 /* Sources */,
				8C05AF1426289D59008963C2 /* Frameworks */,
				8C05AF1526289D59008963C2 /* Resources */,
			);
			buildRules = (
			);
			dependencies = (
				8C05AF1926289D59008963C2 /* PBXTargetDependency */,
			);
			name = MagixTests;
			productName = MagixTests;
			productReference = 8C05AF1726289D59008963C2 /* MagixTests.xctest */;
			productType = "com.apple.product-type.bundle.unit-test";
		};
		8C05AF2126289D59008963C2 /* MagixUITests */ = {
			isa = PBXNativeTarget;
			buildConfigurationList = 8C05AF3126289D59008963C2 /* Build configuration list for PBXNativeTarget "MagixUITests" */;
			buildPhases = (
				504371E86DA8050FFA20E493 /* [CP] Check Pods Manifest.lock */,
				8C05AF1E26289D59008963C2 /* Sources */,
				8C05AF1F26289D59008963C2 /* Frameworks */,
				8C05AF2026289D59008963C2 /* Resources */,
				540390C37D6E2F44622E522C /* [CP] Embed Pods Frameworks */,
				73DBE6BA4C1D447D37291E8F /* [CP] Copy Pods Resources */,
			);
			buildRules = (
			);
			dependencies = (
				8C05AF2426289D59008963C2 /* PBXTargetDependency */,
			);
			name = MagixUITests;
			productName = MagixUITests;
			productReference = 8C05AF2226289D59008963C2 /* MagixUITests.xctest */;
			productType = "com.apple.product-type.bundle.ui-testing";
		};
/* End PBXNativeTarget section */

/* Begin PBXProject section */
		8C05AEF926289D56008963C2 /* Project object */ = {
			isa = PBXProject;
			attributes = {
				LastSwiftUpdateCheck = 1240;
				LastUpgradeCheck = 1240;
				TargetAttributes = {
					8C05AF0026289D56008963C2 = {
						CreatedOnToolsVersion = 12.4;
					};
					8C05AF1626289D59008963C2 = {
						CreatedOnToolsVersion = 12.4;
						TestTargetID = 8C05AF0026289D56008963C2;
					};
					8C05AF2126289D59008963C2 = {
						CreatedOnToolsVersion = 12.4;
						TestTargetID = 8C05AF0026289D56008963C2;
					};
				};
			};
			buildConfigurationList = 8C05AEFC26289D56008963C2 /* Build configuration list for PBXProject "Magix" */;
			compatibilityVersion = "Xcode 9.3";
			developmentRegion = en;
			hasScannedForEncodings = 0;
			knownRegions = (
				en,
				Base,
			);
			mainGroup = 8C05AEF826289D56008963C2;
			productRefGroup = 8C05AF0226289D56008963C2 /* Products */;
			projectDirPath = "";
			projectRoot = "";
			targets = (
				8C05AF0026289D56008963C2 /* Magix */,
				8C05AF1626289D59008963C2 /* MagixTests */,
				8C05AF2126289D59008963C2 /* MagixUITests */,
			);
		};
/* End PBXProject section */

/* Begin PBXResourcesBuildPhase section */
		8C05AEFF26289D56008963C2 /* Resources */ = {
			isa = PBXResourcesBuildPhase;
			buildActionMask = 2147483647;
			files = (
				8C05AF1126289D59008963C2 /* LaunchScreen.storyboard in Resources */,
				8C05AF0E26289D59008963C2 /* Assets.xcassets in Resources */,
				8CC92688262A9F85001B454A /* GoogleService-Info.plist in Resources */,
				8C05AF412628AC66008963C2 /* BebasNeue.otf in Resources */,
				8C05AF0C26289D57008963C2 /* Main.storyboard in Resources */,
			);
			runOnlyForDeploymentPostprocessing = 0;
		};
		8C05AF1526289D59008963C2 /* Resources */ = {
			isa = PBXResourcesBuildPhase;
			buildActionMask = 2147483647;
			files = (
			);
			runOnlyForDeploymentPostprocessing = 0;
		};
		8C05AF2026289D59008963C2 /* Resources */ = {
			isa = PBXResourcesBuildPhase;
			buildActionMask = 2147483647;
			files = (
			);
			runOnlyForDeploymentPostprocessing = 0;
		};
/* End PBXResourcesBuildPhase section */

/* Begin PBXShellScriptBuildPhase section */
		006C4CF158A267C7BB2F221F /* [CP] Copy Pods Resources */ = {
			isa = PBXShellScriptBuildPhase;
			buildActionMask = 2147483647;
			files = (
			);
			inputFileListPaths = (
				"${PODS_ROOT}/Target Support Files/Pods-Magix/Pods-Magix-resources-${CONFIGURATION}-input-files.xcfilelist",
			);
			name = "[CP] Copy Pods Resources";
			outputFileListPaths = (
				"${PODS_ROOT}/Target Support Files/Pods-Magix/Pods-Magix-resources-${CONFIGURATION}-output-files.xcfilelist",
			);
			runOnlyForDeploymentPostprocessing = 0;
			shellPath = /bin/sh;
			shellScript = "\"${PODS_ROOT}/Target Support Files/Pods-Magix/Pods-Magix-resources.sh\"\n";
			showEnvVarsInLog = 0;
		};
		2B2DB8AFE69424275FEBE802 /* [CP] Embed Pods Frameworks */ = {
			isa = PBXShellScriptBuildPhase;
			buildActionMask = 2147483647;
			files = (
			);
			inputFileListPaths = (
				"${PODS_ROOT}/Target Support Files/Pods-Magix/Pods-Magix-frameworks-${CONFIGURATION}-input-files.xcfilelist",
			);
			name = "[CP] Embed Pods Frameworks";
			outputFileListPaths = (
				"${PODS_ROOT}/Target Support Files/Pods-Magix/Pods-Magix-frameworks-${CONFIGURATION}-output-files.xcfilelist",
			);
			runOnlyForDeploymentPostprocessing = 0;
			shellPath = /bin/sh;
			shellScript = "\"${PODS_ROOT}/Target Support Files/Pods-Magix/Pods-Magix-frameworks.sh\"\n";
			showEnvVarsInLog = 0;
		};
		358A99209D713979B7E100FE /* [CP] Check Pods Manifest.lock */ = {
			isa = PBXShellScriptBuildPhase;
			buildActionMask = 2147483647;
			files = (
			);
			inputFileListPaths = (
			);
			inputPaths = (
				"${PODS_PODFILE_DIR_PATH}/Podfile.lock",
				"${PODS_ROOT}/Manifest.lock",
			);
			name = "[CP] Check Pods Manifest.lock";
			outputFileListPaths = (
			);
			outputPaths = (
				"$(DERIVED_FILE_DIR)/Pods-Magix-checkManifestLockResult.txt",
			);
			runOnlyForDeploymentPostprocessing = 0;
			shellPath = /bin/sh;
			shellScript = "diff \"${PODS_PODFILE_DIR_PATH}/Podfile.lock\" \"${PODS_ROOT}/Manifest.lock\" > /dev/null\nif [ $? != 0 ] ; then\n    # print error to STDERR\n    echo \"error: The sandbox is not in sync with the Podfile.lock. Run 'pod install' or update your CocoaPods installation.\" >&2\n    exit 1\nfi\n# This output is used by Xcode 'outputs' to avoid re-running this script phase.\necho \"SUCCESS\" > \"${SCRIPT_OUTPUT_FILE_0}\"\n";
			showEnvVarsInLog = 0;
		};
		504371E86DA8050FFA20E493 /* [CP] Check Pods Manifest.lock */ = {
			isa = PBXShellScriptBuildPhase;
			buildActionMask = 2147483647;
			files = (
			);
			inputFileListPaths = (
			);
			inputPaths = (
				"${PODS_PODFILE_DIR_PATH}/Podfile.lock",
				"${PODS_ROOT}/Manifest.lock",
			);
			name = "[CP] Check Pods Manifest.lock";
			outputFileListPaths = (
			);
			outputPaths = (
				"$(DERIVED_FILE_DIR)/Pods-Magix-MagixUITests-checkManifestLockResult.txt",
			);
			runOnlyForDeploymentPostprocessing = 0;
			shellPath = /bin/sh;
			shellScript = "diff \"${PODS_PODFILE_DIR_PATH}/Podfile.lock\" \"${PODS_ROOT}/Manifest.lock\" > /dev/null\nif [ $? != 0 ] ; then\n    # print error to STDERR\n    echo \"error: The sandbox is not in sync with the Podfile.lock. Run 'pod install' or update your CocoaPods installation.\" >&2\n    exit 1\nfi\n# This output is used by Xcode 'outputs' to avoid re-running this script phase.\necho \"SUCCESS\" > \"${SCRIPT_OUTPUT_FILE_0}\"\n";
			showEnvVarsInLog = 0;
		};
		540390C37D6E2F44622E522C /* [CP] Embed Pods Frameworks */ = {
			isa = PBXShellScriptBuildPhase;
			buildActionMask = 2147483647;
			files = (
			);
			inputFileListPaths = (
				"${PODS_ROOT}/Target Support Files/Pods-Magix-MagixUITests/Pods-Magix-MagixUITests-frameworks-${CONFIGURATION}-input-files.xcfilelist",
			);
			name = "[CP] Embed Pods Frameworks";
			outputFileListPaths = (
				"${PODS_ROOT}/Target Support Files/Pods-Magix-MagixUITests/Pods-Magix-MagixUITests-frameworks-${CONFIGURATION}-output-files.xcfilelist",
			);
			runOnlyForDeploymentPostprocessing = 0;
			shellPath = /bin/sh;
			shellScript = "\"${PODS_ROOT}/Target Support Files/Pods-Magix-MagixUITests/Pods-Magix-MagixUITests-frameworks.sh\"\n";
			showEnvVarsInLog = 0;
		};
		73DBE6BA4C1D447D37291E8F /* [CP] Copy Pods Resources */ = {
			isa = PBXShellScriptBuildPhase;
			buildActionMask = 2147483647;
			files = (
			);
			inputFileListPaths = (
				"${PODS_ROOT}/Target Support Files/Pods-Magix-MagixUITests/Pods-Magix-MagixUITests-resources-${CONFIGURATION}-input-files.xcfilelist",
			);
			name = "[CP] Copy Pods Resources";
			outputFileListPaths = (
				"${PODS_ROOT}/Target Support Files/Pods-Magix-MagixUITests/Pods-Magix-MagixUITests-resources-${CONFIGURATION}-output-files.xcfilelist",
			);
			runOnlyForDeploymentPostprocessing = 0;
			shellPath = /bin/sh;
			shellScript = "\"${PODS_ROOT}/Target Support Files/Pods-Magix-MagixUITests/Pods-Magix-MagixUITests-resources.sh\"\n";
			showEnvVarsInLog = 0;
		};
		F2495278251BDE074A0BC6C1 /* [CP] Check Pods Manifest.lock */ = {
			isa = PBXShellScriptBuildPhase;
			buildActionMask = 2147483647;
			files = (
			);
			inputFileListPaths = (
			);
			inputPaths = (
				"${PODS_PODFILE_DIR_PATH}/Podfile.lock",
				"${PODS_ROOT}/Manifest.lock",
			);
			name = "[CP] Check Pods Manifest.lock";
			outputFileListPaths = (
			);
			outputPaths = (
				"$(DERIVED_FILE_DIR)/Pods-MagixTests-checkManifestLockResult.txt",
			);
			runOnlyForDeploymentPostprocessing = 0;
			shellPath = /bin/sh;
			shellScript = "diff \"${PODS_PODFILE_DIR_PATH}/Podfile.lock\" \"${PODS_ROOT}/Manifest.lock\" > /dev/null\nif [ $? != 0 ] ; then\n    # print error to STDERR\n    echo \"error: The sandbox is not in sync with the Podfile.lock. Run 'pod install' or update your CocoaPods installation.\" >&2\n    exit 1\nfi\n# This output is used by Xcode 'outputs' to avoid re-running this script phase.\necho \"SUCCESS\" > \"${SCRIPT_OUTPUT_FILE_0}\"\n";
			showEnvVarsInLog = 0;
		};
/* End PBXShellScriptBuildPhase section */

/* Begin PBXSourcesBuildPhase section */
		8C05AEFD26289D56008963C2 /* Sources */ = {
			isa = PBXSourcesBuildPhase;
			buildActionMask = 2147483647;
			files = (
				8C05AF0926289D56008963C2 /* ViewController.swift in Sources */,
				8CC92690262AEF27001B454A /* LaunchView.swift in Sources */,
				8C05AF0526289D56008963C2 /* AppDelegate.swift in Sources */,
				8C78FB6E2629971200AA5843 /* EmailLoginController.swift in Sources */,
				8C05AF0726289D56008963C2 /* SceneDelegate.swift in Sources */,
				8CC92680262A1370001B454A /* PhoneLoginController.swift in Sources */,
			);
			runOnlyForDeploymentPostprocessing = 0;
		};
		8C05AF1326289D59008963C2 /* Sources */ = {
			isa = PBXSourcesBuildPhase;
			buildActionMask = 2147483647;
			files = (
				8C05AF1C26289D59008963C2 /* MagixTests.swift in Sources */,
			);
			runOnlyForDeploymentPostprocessing = 0;
		};
		8C05AF1E26289D59008963C2 /* Sources */ = {
			isa = PBXSourcesBuildPhase;
			buildActionMask = 2147483647;
			files = (
				8C05AF2726289D59008963C2 /* MagixUITests.swift in Sources */,
			);
			runOnlyForDeploymentPostprocessing = 0;
		};
/* End PBXSourcesBuildPhase section */

/* Begin PBXTargetDependency section */
		8C05AF1926289D59008963C2 /* PBXTargetDependency */ = {
			isa = PBXTargetDependency;
			target = 8C05AF0026289D56008963C2 /* Magix */;
			targetProxy = 8C05AF1826289D59008963C2 /* PBXContainerItemProxy */;
		};
		8C05AF2426289D59008963C2 /* PBXTargetDependency */ = {
			isa = PBXTargetDependency;
			target = 8C05AF0026289D56008963C2 /* Magix */;
			targetProxy = 8C05AF2326289D59008963C2 /* PBXContainerItemProxy */;
		};
/* End PBXTargetDependency section */

/* Begin PBXVariantGroup section */
		8C05AF0A26289D57008963C2 /* Main.storyboard */ = {
			isa = PBXVariantGroup;
			children = (
				8C05AF0B26289D57008963C2 /* Base */,
			);
			name = Main.storyboard;
			sourceTree = "<group>";
		};
		8C05AF0F26289D59008963C2 /* LaunchScreen.storyboard */ = {
			isa = PBXVariantGroup;
			children = (
				8C05AF1026289D59008963C2 /* Base */,
			);
			name = LaunchScreen.storyboard;
			sourceTree = "<group>";
		};
/* End PBXVariantGroup section */

/* Begin XCBuildConfiguration section */
		8C05AF2926289D59008963C2 /* Debug */ = {
			isa = XCBuildConfiguration;
			buildSettings = {
				ALWAYS_SEARCH_USER_PATHS = NO;
				CLANG_ANALYZER_NONNULL = YES;
				CLANG_ANALYZER_NUMBER_OBJECT_CONVERSION = YES_AGGRESSIVE;
				CLANG_CXX_LANGUAGE_STANDARD = "gnu++14";
				CLANG_CXX_LIBRARY = "libc++";
				CLANG_ENABLE_MODULES = YES;
				CLANG_ENABLE_OBJC_ARC = YES;
				CLANG_ENABLE_OBJC_WEAK = YES;
				CLANG_WARN_BLOCK_CAPTURE_AUTORELEASING = YES;
				CLANG_WARN_BOOL_CONVERSION = YES;
				CLANG_WARN_COMMA = YES;
				CLANG_WARN_CONSTANT_CONVERSION = YES;
				CLANG_WARN_DEPRECATED_OBJC_IMPLEMENTATIONS = YES;
				CLANG_WARN_DIRECT_OBJC_ISA_USAGE = YES_ERROR;
				CLANG_WARN_DOCUMENTATION_COMMENTS = YES;
				CLANG_WARN_EMPTY_BODY = YES;
				CLANG_WARN_ENUM_CONVERSION = YES;
				CLANG_WARN_INFINITE_RECURSION = YES;
				CLANG_WARN_INT_CONVERSION = YES;
				CLANG_WARN_NON_LITERAL_NULL_CONVERSION = YES;
				CLANG_WARN_OBJC_IMPLICIT_RETAIN_SELF = YES;
				CLANG_WARN_OBJC_LITERAL_CONVERSION = YES;
				CLANG_WARN_OBJC_ROOT_CLASS = YES_ERROR;
				CLANG_WARN_QUOTED_INCLUDE_IN_FRAMEWORK_HEADER = YES;
				CLANG_WARN_RANGE_LOOP_ANALYSIS = YES;
				CLANG_WARN_STRICT_PROTOTYPES = YES;
				CLANG_WARN_SUSPICIOUS_MOVE = YES;
				CLANG_WARN_UNGUARDED_AVAILABILITY = YES_AGGRESSIVE;
				CLANG_WARN_UNREACHABLE_CODE = YES;
				CLANG_WARN__DUPLICATE_METHOD_MATCH = YES;
				COPY_PHASE_STRIP = NO;
				DEBUG_INFORMATION_FORMAT = dwarf;
				ENABLE_STRICT_OBJC_MSGSEND = YES;
				ENABLE_TESTABILITY = YES;
				GCC_C_LANGUAGE_STANDARD = gnu11;
				GCC_DYNAMIC_NO_PIC = NO;
				GCC_NO_COMMON_BLOCKS = YES;
				GCC_OPTIMIZATION_LEVEL = 0;
				GCC_PREPROCESSOR_DEFINITIONS = (
					"DEBUG=1",
					"$(inherited)",
				);
				GCC_WARN_64_TO_32_BIT_CONVERSION = YES;
				GCC_WARN_ABOUT_RETURN_TYPE = YES_ERROR;
				GCC_WARN_UNDECLARED_SELECTOR = YES;
				GCC_WARN_UNINITIALIZED_AUTOS = YES_AGGRESSIVE;
				GCC_WARN_UNUSED_FUNCTION = YES;
				GCC_WARN_UNUSED_VARIABLE = YES;
				IPHONEOS_DEPLOYMENT_TARGET = 14.4;
				MTL_ENABLE_DEBUG_INFO = INCLUDE_SOURCE;
				MTL_FAST_MATH = YES;
				ONLY_ACTIVE_ARCH = YES;
				SDKROOT = iphoneos;
				SWIFT_ACTIVE_COMPILATION_CONDITIONS = DEBUG;
				SWIFT_OPTIMIZATION_LEVEL = "-Onone";
			};
			name = Debug;
		};
		8C05AF2A26289D59008963C2 /* Release */ = {
			isa = XCBuildConfiguration;
			buildSettings = {
				ALWAYS_SEARCH_USER_PATHS = NO;
				CLANG_ANALYZER_NONNULL = YES;
				CLANG_ANALYZER_NUMBER_OBJECT_CONVERSION = YES_AGGRESSIVE;
				CLANG_CXX_LANGUAGE_STANDARD = "gnu++14";
				CLANG_CXX_LIBRARY = "libc++";
				CLANG_ENABLE_MODULES = YES;
				CLANG_ENABLE_OBJC_ARC = YES;
				CLANG_ENABLE_OBJC_WEAK = YES;
				CLANG_WARN_BLOCK_CAPTURE_AUTORELEASING = YES;
				CLANG_WARN_BOOL_CONVERSION = YES;
				CLANG_WARN_COMMA = YES;
				CLANG_WARN_CONSTANT_CONVERSION = YES;
				CLANG_WARN_DEPRECATED_OBJC_IMPLEMENTATIONS = YES;
				CLANG_WARN_DIRECT_OBJC_ISA_USAGE = YES_ERROR;
				CLANG_WARN_DOCUMENTATION_COMMENTS = YES;
				CLANG_WARN_EMPTY_BODY = YES;
				CLANG_WARN_ENUM_CONVERSION = YES;
				CLANG_WARN_INFINITE_RECURSION = YES;
				CLANG_WARN_INT_CONVERSION = YES;
				CLANG_WARN_NON_LITERAL_NULL_CONVERSION = YES;
				CLANG_WARN_OBJC_IMPLICIT_RETAIN_SELF = YES;
				CLANG_WARN_OBJC_LITERAL_CONVERSION = YES;
				CLANG_WARN_OBJC_ROOT_CLASS = YES_ERROR;
				CLANG_WARN_QUOTED_INCLUDE_IN_FRAMEWORK_HEADER = YES;
				CLANG_WARN_RANGE_LOOP_ANALYSIS = YES;
				CLANG_WARN_STRICT_PROTOTYPES = YES;
				CLANG_WARN_SUSPICIOUS_MOVE = YES;
				CLANG_WARN_UNGUARDED_AVAILABILITY = YES_AGGRESSIVE;
				CLANG_WARN_UNREACHABLE_CODE = YES;
				CLANG_WARN__DUPLICATE_METHOD_MATCH = YES;
				COPY_PHASE_STRIP = NO;
				DEBUG_INFORMATION_FORMAT = "dwarf-with-dsym";
				ENABLE_NS_ASSERTIONS = NO;
				ENABLE_STRICT_OBJC_MSGSEND = YES;
				GCC_C_LANGUAGE_STANDARD = gnu11;
				GCC_NO_COMMON_BLOCKS = YES;
				GCC_WARN_64_TO_32_BIT_CONVERSION = YES;
				GCC_WARN_ABOUT_RETURN_TYPE = YES_ERROR;
				GCC_WARN_UNDECLARED_SELECTOR = YES;
				GCC_WARN_UNINITIALIZED_AUTOS = YES_AGGRESSIVE;
				GCC_WARN_UNUSED_FUNCTION = YES;
				GCC_WARN_UNUSED_VARIABLE = YES;
				IPHONEOS_DEPLOYMENT_TARGET = 14.4;
				MTL_ENABLE_DEBUG_INFO = NO;
				MTL_FAST_MATH = YES;
				SDKROOT = iphoneos;
				SWIFT_COMPILATION_MODE = wholemodule;
				SWIFT_OPTIMIZATION_LEVEL = "-O";
				VALIDATE_PRODUCT = YES;
			};
			name = Release;
		};
		8C05AF2C26289D59008963C2 /* Debug */ = {
			isa = XCBuildConfiguration;
			baseConfigurationReference = 5EA87975C0439D6B003D5415 /* Pods-Magix.debug.xcconfig */;
			buildSettings = {
				ASSETCATALOG_COMPILER_APPICON_NAME = AppIcon;
				ASSETCATALOG_COMPILER_GLOBAL_ACCENT_COLOR_NAME = AccentColor;
				CODE_SIGN_ENTITLEMENTS = Magix/Magix.entitlements;
				CODE_SIGN_IDENTITY = "iPhone Developer";
				CODE_SIGN_STYLE = Manual;
				DEVELOPMENT_TEAM = F8CHS6PHQS;
				INFOPLIST_FILE = Magix/Info.plist;
				LD_RUNPATH_SEARCH_PATHS = (
					"$(inherited)",
					"@executable_path/Frameworks",
				);
				PRODUCT_BUNDLE_IDENTIFIER = ieee.apptask;
				PRODUCT_NAME = "$(TARGET_NAME)";
				PROVISIONING_PROFILE_SPECIFIER = "Ieee app task";
				SWIFT_VERSION = 5.0;
				TARGETED_DEVICE_FAMILY = "1,2";
			};
			name = Debug;
		};
		8C05AF2D26289D59008963C2 /* Release */ = {
			isa = XCBuildConfiguration;
			baseConfigurationReference = 31FEA0C1E0B586E3846A4409 /* Pods-Magix.release.xcconfig */;
			buildSettings = {
				ASSETCATALOG_COMPILER_APPICON_NAME = AppIcon;
				ASSETCATALOG_COMPILER_GLOBAL_ACCENT_COLOR_NAME = AccentColor;
				CODE_SIGN_ENTITLEMENTS = Magix/Magix.entitlements;
				CODE_SIGN_IDENTITY = "iPhone Developer";
				CODE_SIGN_STYLE = Manual;
				DEVELOPMENT_TEAM = F8CHS6PHQS;
				INFOPLIST_FILE = Magix/Info.plist;
				LD_RUNPATH_SEARCH_PATHS = (
					"$(inherited)",
					"@executable_path/Frameworks",
				);
				PRODUCT_BUNDLE_IDENTIFIER = ieee.apptask;
				PRODUCT_NAME = "$(TARGET_NAME)";
				PROVISIONING_PROFILE_SPECIFIER = "Ieee app task";
				SWIFT_VERSION = 5.0;
				TARGETED_DEVICE_FAMILY = "1,2";
			};
			name = Release;
		};
		8C05AF2F26289D59008963C2 /* Debug */ = {
			isa = XCBuildConfiguration;
			baseConfigurationReference = AB2210869A3F079FB6049169 /* Pods-MagixTests.debug.xcconfig */;
			buildSettings = {
				ALWAYS_EMBED_SWIFT_STANDARD_LIBRARIES = YES;
				BUNDLE_LOADER = "$(TEST_HOST)";
				CODE_SIGN_STYLE = Automatic;
				DEVELOPMENT_TEAM = LYKFDFQQ2D;
				INFOPLIST_FILE = MagixTests/Info.plist;
				IPHONEOS_DEPLOYMENT_TARGET = 14.4;
				LD_RUNPATH_SEARCH_PATHS = (
					"$(inherited)",
					"@executable_path/Frameworks",
					"@loader_path/Frameworks",
				);
				PRODUCT_BUNDLE_IDENTIFIER = nayso.MagixTests;
				PRODUCT_NAME = "$(TARGET_NAME)";
				SWIFT_VERSION = 5.0;
				TARGETED_DEVICE_FAMILY = "1,2";
				TEST_HOST = "$(BUILT_PRODUCTS_DIR)/Magix.app/Magix";
			};
			name = Debug;
		};
		8C05AF3026289D59008963C2 /* Release */ = {
			isa = XCBuildConfiguration;
			baseConfigurationReference = 1E684975AAF28F88D2E96244 /* Pods-MagixTests.release.xcconfig */;
			buildSettings = {
				ALWAYS_EMBED_SWIFT_STANDARD_LIBRARIES = YES;
				BUNDLE_LOADER = "$(TEST_HOST)";
				CODE_SIGN_STYLE = Automatic;
				DEVELOPMENT_TEAM = LYKFDFQQ2D;
				INFOPLIST_FILE = MagixTests/Info.plist;
				IPHONEOS_DEPLOYMENT_TARGET = 14.4;
				LD_RUNPATH_SEARCH_PATHS = (
					"$(inherited)",
					"@executable_path/Frameworks",
					"@loader_path/Frameworks",
				);
				PRODUCT_BUNDLE_IDENTIFIER = nayso.MagixTests;
				PRODUCT_NAME = "$(TARGET_NAME)";
				SWIFT_VERSION = 5.0;
				TARGETED_DEVICE_FAMILY = "1,2";
				TEST_HOST = "$(BUILT_PRODUCTS_DIR)/Magix.app/Magix";
			};
			name = Release;
		};
		8C05AF3226289D59008963C2 /* Debug */ = {
			isa = XCBuildConfiguration;
			baseConfigurationReference = 17465BC87B883E050A4A80DF /* Pods-Magix-MagixUITests.debug.xcconfig */;
			buildSettings = {
				ALWAYS_EMBED_SWIFT_STANDARD_LIBRARIES = YES;
				CODE_SIGN_STYLE = Automatic;
				DEVELOPMENT_TEAM = LYKFDFQQ2D;
				INFOPLIST_FILE = MagixUITests/Info.plist;
				LD_RUNPATH_SEARCH_PATHS = (
					"$(inherited)",
					"@executable_path/Frameworks",
					"@loader_path/Frameworks",
				);
				PRODUCT_BUNDLE_IDENTIFIER = nayso.MagixUITests;
				PRODUCT_NAME = "$(TARGET_NAME)";
				SWIFT_VERSION = 5.0;
				TARGETED_DEVICE_FAMILY = "1,2";
				TEST_TARGET_NAME = Magix;
			};
			name = Debug;
		};
		8C05AF3326289D59008963C2 /* Release */ = {
			isa = XCBuildConfiguration;
			baseConfigurationReference = 30A8060BEB27EE0A77FEE1FE /* Pods-Magix-MagixUITests.release.xcconfig */;
			buildSettings = {
				ALWAYS_EMBED_SWIFT_STANDARD_LIBRARIES = YES;
				CODE_SIGN_STYLE = Automatic;
				DEVELOPMENT_TEAM = LYKFDFQQ2D;
				INFOPLIST_FILE = MagixUITests/Info.plist;
				LD_RUNPATH_SEARCH_PATHS = (
					"$(inherited)",
					"@executable_path/Frameworks",
					"@loader_path/Frameworks",
				);
				PRODUCT_BUNDLE_IDENTIFIER = nayso.MagixUITests;
				PRODUCT_NAME = "$(TARGET_NAME)";
				SWIFT_VERSION = 5.0;
				TARGETED_DEVICE_FAMILY = "1,2";
				TEST_TARGET_NAME = Magix;
			};
			name = Release;
		};
/* End XCBuildConfiguration section */

/* Begin XCConfigurationList section */
		8C05AEFC26289D56008963C2 /* Build configuration list for PBXProject "Magix" */ = {
			isa = XCConfigurationList;
			buildConfigurations = (
				8C05AF2926289D59008963C2 /* Debug */,
				8C05AF2A26289D59008963C2 /* Release */,
			);
			defaultConfigurationIsVisible = 0;
			defaultConfigurationName = Release;
		};
		8C05AF2B26289D59008963C2 /* Build configuration list for PBXNativeTarget "Magix" */ = {
			isa = XCConfigurationList;
			buildConfigurations = (
				8C05AF2C26289D59008963C2 /* Debug */,
				8C05AF2D26289D59008963C2 /* Release */,
			);
			defaultConfigurationIsVisible = 0;
			defaultConfigurationName = Release;
		};
		8C05AF2E26289D59008963C2 /* Build configuration list for PBXNativeTarget "MagixTests" */ = {
			isa = XCConfigurationList;
			buildConfigurations = (
				8C05AF2F26289D59008963C2 /* Debug */,
				8C05AF3026289D59008963C2 /* Release */,
			);
			defaultConfigurationIsVisible = 0;
			defaultConfigurationName = Release;
		};
		8C05AF3126289D59008963C2 /* Build configuration list for PBXNativeTarget "MagixUITests" */ = {
			isa = XCConfigurationList;
			buildConfigurations = (
				8C05AF3226289D59008963C2 /* Debug */,
				8C05AF3326289D59008963C2 /* Release */,
			);
			defaultConfigurationIsVisible = 0;
			defaultConfigurationName = Release;
		};
/* End XCConfigurationList section */
	};
	rootObject = 8C05AEF926289D56008963C2 /* Project object */;
}
